
Microsoft Visual Studio Solution File, Format Version 12.00
# Visual Studio 2012
Project("{FAE04EC0-301F-11D3-BF4B-00C04F79EFBC}") = "IDMPhotoBrowser.Xamarin", "IDMPhotoBrowser.Xamarin\IDMPhotoBrowser.Xamarin.csproj", "{9E725F12-8A4A-422F-875F-58B8D1901BD0}"
EndProject
Global
	GlobalSection(SolutionConfigurationPlatforms) = preSolution
		Debug|Any CPU = Debug|Any CPU
		Release|Any CPU = Release|Any CPU
	EndGlobalSection
	GlobalSection(ProjectConfigurationPlatforms) = postSolution
		{9E725F12-8A4A-422F-875F-58B8D1901BD0}.Debug|Any CPU.ActiveCfg = Debug|Any CPU
		{9E725F12-8A4A-422F-875F-58B8D1901BD0}.Debug|Any CPU.Build.0 = Debug|Any CPU
		{9E725F12-8A4A-422F-875F-58B8D1901BD0}.Release|Any CPU.ActiveCfg = Release|Any CPU
		{9E725F12-8A4A-422F-875F-58B8D1901BD0}.Release|Any CPU.Build.0 = Release|Any CPU
	EndGlobalSection
EndGlobal
